
Microsoft Visual Studio Solution File, Format Version 12.00
# Visual Studio Version 17
VisualStudioVersion = 17.4.33213.308
MinimumVisualStudioVersion = 10.0.40219.1
Project("{FAE04EC0-301F-11D3-BF4B-00C04F79EFBC}") = "Messager", "Messager\Messager.csproj", "{500368B4-4F25-408B-A53F-05B0C5B181D4}"
EndProject
Project("{FAE04EC0-301F-11D3-BF4B-00C04F79EFBC}") = "server", "server\server.csproj", "{F9F53C79-5A9E-45CB-BDA4-A53E2B8FEBCD}"
EndProject
Project("{FAE04EC0-301F-11D3-BF4B-00C04F79EFBC}") = "view", "client_view\view.csproj", "{BEFA1F5D-7EF8-4ECA-A270-F4087C4B164E}"
EndProject
Project("{2150E333-8FDC-42A3-9474-1A3956D46DE8}") = "application client", "application client", "{5ADD1C90-5AD0-4B46-8CBE-FCEBE9EA8760}"
EndProject
Project("{2150E333-8FDC-42A3-9474-1A3956D46DE8}") = "Éléments de solution", "Éléments de solution", "{6D0FC4A1-931F-47C0-BE26-F9624A4A4586}"
	ProjectSection(SolutionItems) = preProject
		DB.sql = DB.sql
	EndProjectSection
EndProject
Global
	GlobalSection(SolutionConfigurationPlatforms) = preSolution
		Debug|Any CPU = Debug|Any CPU
		Release|Any CPU = Release|Any CPU
	EndGlobalSection
	GlobalSection(ProjectConfigurationPlatforms) = postSolution
		{500368B4-4F25-408B-A53F-05B0C5B181D4}.Debug|Any CPU.ActiveCfg = Debug|Any CPU
		{500368B4-4F25-408B-A53F-05B0C5B181D4}.Debug|Any CPU.Build.0 = Debug|Any CPU
		{500368B4-4F25-408B-A53F-05B0C5B181D4}.Release|Any CPU.ActiveCfg = Release|Any CPU
		{500368B4-4F25-408B-A53F-05B0C5B181D4}.Release|Any CPU.Build.0 = Release|Any CPU
		{F9F53C79-5A9E-45CB-BDA4-A53E2B8FEBCD}.Debug|Any CPU.ActiveCfg = Debug|Any CPU
		{F9F53C79-5A9E-45CB-BDA4-A53E2B8FEBCD}.Debug|Any CPU.Build.0 = Debug|Any CPU
		{F9F53C79-5A9E-45CB-BDA4-A53E2B8FEBCD}.Release|Any CPU.ActiveCfg = Release|Any CPU
		{F9F53C79-5A9E-45CB-BDA4-A53E2B8FEBCD}.Release|Any CPU.Build.0 = Release|Any CPU
		{BEFA1F5D-7EF8-4ECA-A270-F4087C4B164E}.Debug|Any CPU.ActiveCfg = Debug|Any CPU
		{BEFA1F5D-7EF8-4ECA-A270-F4087C4B164E}.Debug|Any CPU.Build.0 = Debug|Any CPU
		{BEFA1F5D-7EF8-4ECA-A270-F4087C4B164E}.Release|Any CPU.ActiveCfg = Release|Any CPU
		{BEFA1F5D-7EF8-4ECA-A270-F4087C4B164E}.Release|Any CPU.Build.0 = Release|Any CPU
	EndGlobalSection
	GlobalSection(SolutionProperties) = preSolution
		HideSolutionNode = FALSE
	EndGlobalSection
	GlobalSection(ExtensibilityGlobals) = postSolution
		SolutionGuid = {B39897E9-37A4-4B8A-8DA5-07AE8E1ABB33}
	EndGlobalSection
EndGlobal
